
Microsoft Visual Studio Solution File, Format Version 12.00
# Visual Studio Version 17
VisualStudioVersion = 17.9.34723.18
MinimumVisualStudioVersion = 10.0.40219.1
Project("{FAE04EC0-301F-11D3-BF4B-00C04F79EFBC}") = "StudyPlanner.Api", "StudyPlanner.Api.csproj", "{619E2CCE-5F00-4980-9CF9-086317AE0A81}"
EndProject
Global
	GlobalSection(SolutionConfigurationPlatforms) = preSolution
		Debug|Any CPU = Debug|Any CPU
		Release|Any CPU = Release|Any CPU
	EndGlobalSection
	GlobalSection(ProjectConfigurationPlatforms) = postSolution
		{619E2CCE-5F00-4980-9CF9-086317AE0A81}.Debug|Any CPU.ActiveCfg = Debug|Any CPU
		{619E2CCE-5F00-4980-9CF9-086317AE0A81}.Debug|Any CPU.Build.0 = Debug|Any CPU
		{619E2CCE-5F00-4980-9CF9-086317AE0A81}.Release|Any CPU.ActiveCfg = Release|Any CPU
		{619E2CCE-5F00-4980-9CF9-086317AE0A81}.Release|Any CPU.Build.0 = Release|Any CPU
	EndGlobalSection
	GlobalSection(SolutionProperties) = preSolution
		HideSolutionNode = FALSE
	EndGlobalSection
	GlobalSection(ExtensibilityGlobals) = postSolution
		SolutionGuid = {58153CB8-196D-450F-BB98-91DC81426802}
	EndGlobalSection
EndGlobal
